
Microsoft Visual Studio Solution File, Format Version 12.00
# Visual Studio Version 17
VisualStudioVersion = 17.2.32616.157
MinimumVisualStudioVersion = 10.0.40219.1
Project("{E24C65DC-7377-472B-9ABA-BC803B73C61A}") = "DuAnCNTT", ".", "{C6355E20-FC13-48CA-9DFD-79860DE95640}"
	ProjectSection(WebsiteProperties) = preProject
		TargetFrameworkMoniker = ".NETFramework,Version%3Dv4.0"
		Debug.AspNetCompiler.VirtualPath = "/localhost_56029"
		Debug.AspNetCompiler.PhysicalPath = "..\DuAnCNTT\"
		Debug.AspNetCompiler.TargetPath = "PrecompiledWeb\localhost_56029\"
		Debug.AspNetCompiler.Updateable = "true"
		Debug.AspNetCompiler.ForceOverwrite = "true"
		Debug.AspNetCompiler.FixedNames = "false"
		Debug.AspNetCompiler.Debug = "True"
		Release.AspNetCompiler.VirtualPath = "/localhost_56029"
		Release.AspNetCompiler.PhysicalPath = "..\DuAnCNTT\"
		Release.AspNetCompiler.TargetPath = "PrecompiledWeb\localhost_56029\"
		Release.AspNetCompiler.Updateable = "true"
		Release.AspNetCompiler.ForceOverwrite = "true"
		Release.AspNetCompiler.FixedNames = "false"
		Release.AspNetCompiler.Debug = "False"
		VWDPort = "56029"
		SlnRelativePath = "..\DuAnCNTT\"
	EndProjectSection
EndProject
Global
	GlobalSection(SolutionConfigurationPlatforms) = preSolution
		Debug|Any CPU = Debug|Any CPU
	EndGlobalSection
	GlobalSection(ProjectConfigurationPlatforms) = postSolution
		{C6355E20-FC13-48CA-9DFD-79860DE95640}.Debug|Any CPU.ActiveCfg = Debug|Any CPU
		{C6355E20-FC13-48CA-9DFD-79860DE95640}.Debug|Any CPU.Build.0 = Debug|Any CPU
	EndGlobalSection
	GlobalSection(SolutionProperties) = preSolution
		HideSolutionNode = FALSE
	EndGlobalSection
	GlobalSection(ExtensibilityGlobals) = postSolution
		SolutionGuid = {2A708733-7CD6-41BC-B040-C0D40C4FDE41}
	EndGlobalSection
EndGlobal
